
Microsoft Visual Studio Solution File, Format Version 12.00
# Visual Studio Version 17
VisualStudioVersion = 17.10.34928.147
MinimumVisualStudioVersion = 10.0.40219.1
Project("{FAE04EC0-301F-11D3-BF4B-00C04F79EFBC}") = "hackathondeneme", "hackathondeneme.csproj", "{18B87B13-848F-4C15-9195-23CD88E09A9B}"
EndProject
Global
	GlobalSection(SolutionConfigurationPlatforms) = preSolution
		Debug|Any CPU = Debug|Any CPU
		Release|Any CPU = Release|Any CPU
	EndGlobalSection
	GlobalSection(ProjectConfigurationPlatforms) = postSolution
		{18B87B13-848F-4C15-9195-23CD88E09A9B}.Debug|Any CPU.ActiveCfg = Debug|Any CPU
		{18B87B13-848F-4C15-9195-23CD88E09A9B}.Debug|Any CPU.Build.0 = Debug|Any CPU
		{18B87B13-848F-4C15-9195-23CD88E09A9B}.Release|Any CPU.ActiveCfg = Release|Any CPU
		{18B87B13-848F-4C15-9195-23CD88E09A9B}.Release|Any CPU.Build.0 = Release|Any CPU
	EndGlobalSection
	GlobalSection(SolutionProperties) = preSolution
		HideSolutionNode = FALSE
	EndGlobalSection
	GlobalSection(ExtensibilityGlobals) = postSolution
		SolutionGuid = {D82D81B6-49B3-49E2-AB72-E1753F0A995A}
	EndGlobalSection
EndGlobal
